
Microsoft Visual Studio Solution File, Format Version 12.00
# Visual Studio 15
VisualStudioVersion = 15.0.27130.2010
MinimumVisualStudioVersion = 10.0.40219.1
Project("{FAE04EC0-301F-11D3-BF4B-00C04F79EFBC}") = "winsudo", "winsudo\winsudo.csproj", "{65C3AEF6-619F-4890-AA84-B4BBCF438BC7}"
EndProject
Project("{FAE04EC0-301F-11D3-BF4B-00C04F79EFBC}") = "winsudo.sudo", "winsudo.sudo\winsudo.sudo.csproj", "{0E5C0F91-A191-4327-A19F-C63152158314}"
EndProject
Project("{FAE04EC0-301F-11D3-BF4B-00C04F79EFBC}") = "winsudo.su", "winsudo.su\winsudo.su.csproj", "{BDA79992-CA3F-4890-B952-81032720C557}"
EndProject
Global
	GlobalSection(SolutionConfigurationPlatforms) = preSolution
		Debug|Any CPU = Debug|Any CPU
		Release|Any CPU = Release|Any CPU
	EndGlobalSection
	GlobalSection(ProjectConfigurationPlatforms) = postSolution
		{65C3AEF6-619F-4890-AA84-B4BBCF438BC7}.Debug|Any CPU.ActiveCfg = Debug|Any CPU
		{65C3AEF6-619F-4890-AA84-B4BBCF438BC7}.Debug|Any CPU.Build.0 = Debug|Any CPU
		{65C3AEF6-619F-4890-AA84-B4BBCF438BC7}.Release|Any CPU.ActiveCfg = Release|Any CPU
		{65C3AEF6-619F-4890-AA84-B4BBCF438BC7}.Release|Any CPU.Build.0 = Release|Any CPU
		{0E5C0F91-A191-4327-A19F-C63152158314}.Debug|Any CPU.ActiveCfg = Debug|Any CPU
		{0E5C0F91-A191-4327-A19F-C63152158314}.Debug|Any CPU.Build.0 = Debug|Any CPU
		{0E5C0F91-A191-4327-A19F-C63152158314}.Release|Any CPU.ActiveCfg = Release|Any CPU
		{0E5C0F91-A191-4327-A19F-C63152158314}.Release|Any CPU.Build.0 = Release|Any CPU
		{BDA79992-CA3F-4890-B952-81032720C557}.Debug|Any CPU.ActiveCfg = Debug|Any CPU
		{BDA79992-CA3F-4890-B952-81032720C557}.Debug|Any CPU.Build.0 = Debug|Any CPU
		{BDA79992-CA3F-4890-B952-81032720C557}.Release|Any CPU.ActiveCfg = Release|Any CPU
		{BDA79992-CA3F-4890-B952-81032720C557}.Release|Any CPU.Build.0 = Release|Any CPU
	EndGlobalSection
	GlobalSection(SolutionProperties) = preSolution
		HideSolutionNode = FALSE
	EndGlobalSection
	GlobalSection(ExtensibilityGlobals) = postSolution
		SolutionGuid = {200AE8E7-C69A-49F7-9DFC-26DB5224CCF5}
	EndGlobalSection
EndGlobal
